// !$*UTF8*$!
{
	archiveVersion = 1;
	classes = {
	};
	objectVersion = 46;
	objects = {

/* Begin PBXBuildFile section */
		F79639CC1E901ACA00DC457A /* AppDelegate.swift in Sources */ = {isa = PBXBuildFile; fileRef = F79639CB1E901ACA00DC457A /* AppDelegate.swift */; };
		F79639CE1E901ACA00DC457A /* ViewController.swift in Sources */ = {isa = PBXBuildFile; fileRef = F79639CD1E901ACA00DC457A /* ViewController.swift */; };
		F79639D11E901ACA00DC457A /* Main.storyboard in Resources */ = {isa = PBXBuildFile; fileRef = F79639CF1E901ACA00DC457A /* Main.storyboard */; };
		F79639D31E901ACA00DC457A /* Assets.xcassets in Resources */ = {isa = PBXBuildFile; fileRef = F79639D21E901ACA00DC457A /* Assets.xcassets */; };
		F79639D61E901ACA00DC457A /* LaunchScreen.storyboard in Resources */ = {isa = PBXBuildFile; fileRef = F79639D41E901ACA00DC457A /* LaunchScreen.storyboard */; };
/* End PBXBuildFile section */

/* Begin PBXFileReference section */
		F79639C81E901ACA00DC457A /* GroceryListApp.app */ = {isa = PBXFileReference; explicitFileType = wrapper.application; includeInIndex = 0; path = GroceryListApp.app; sourceTree = BUILT_PRODUCTS_DIR; };
		F79639CB1E901ACA00DC457A /* AppDelegate.swift */ = {isa = PBXFileReference; lastKnownFileType = sourcecode.swift; path = AppDelegate.swift; sourceTree = "<group>"; };
		F79639CD1E901ACA00DC457A /* ViewController.swift */ = {isa = PBXFileReference; lastKnownFileType = sourcecode.swift; path = ViewController.swift; sourceTree = "<group>"; };
		F79639D01E901ACA00DC457A /* Base */ = {isa = PBXFileReference; lastKnownFileType = file.storyboard; name = Base; path = Base.lproj/Main.storyboard; sourceTree = "<group>"; };
		F79639D21E901ACA00DC457A /* Assets.xcassets */ = {isa = PBXFileReference; lastKnownFileType = folder.assetcatalog; path = Assets.xcassets; sourceTree = "<group>"; };
		F79639D51E901ACA00DC457A /* Base */ = {isa = PBXFileReference; lastKnownFileType = file.storyboard; name = Base; path = Base.lproj/LaunchScreen.storyboard; sourceTree = "<group>"; };
		F79639D71E901ACA00DC457A /* Info.plist */ = {isa = PBXFileReference; lastKnownFileType = text.plist.xml; path = Info.plist; sourceTree = "<group>"; };
/* End PBXFileReference section */

/* Begin PBXFrameworksBuildPhase section */
		F79639C51E901ACA00DC457A /* Frameworks */ = {
			isa = PBXFrameworksBuildPhase;
			buildActionMask = 2147483647;
			files = (
			);
			runOnlyForDeploymentPostprocessing = 0;
		};
/* End PBXFrameworksBuildPhase section */

/* Begin PBXGroup section */
		F79639BF1E901ACA00DC457A = {
			isa = PBXGroup;
			children = (
				F79639CA1E901ACA00DC457A /* GroceryListApp */,
				F79639C91E901ACA00DC457A /* Products */,
			);
			sourceTree = "<group>";
		};
		F79639C91E901ACA00DC457A /* Products */ = {
			isa = PBXGroup;
			children = (
				F79639C81E901ACA00DC457A /* GroceryListApp.app */,
			);
			name = Products;
			sourceTree = "<group>";
		};
		F79639CA1E901ACA00DC457A /* GroceryListApp */ = {
			isa = PBXGroup;
			children = (
				F79639CB1E901ACA00DC457A /* AppDelegate.swift */,
				F79639CD1E901ACA00DC457A /* ViewController.swift */,
				F79639CF1E901ACA00DC457A /* Main.storyboard */,
				F79639D21E901ACA00DC457A /* Assets.xcassets */,
				F79639D41E901ACA00DC457A /* LaunchScreen.storyboard */,
				F79639D71E901ACA00DC457A /* Info.plist */,
			);
			path = GroceryListApp;
			sourceTree = "<group>";
		};
/* End PBXGroup section */

/* Begin PBXNativeTarget section */
		F79639C71E901ACA00DC457A /* GroceryListApp */ = {
			isa = PBXNativeTarget;
			buildConfigurationList = F79639DA1E901ACA00DC457A /* Build configuration list for PBXNativeTarget "GroceryListApp" */;
			buildPhases = (
				F79639C41E901ACA00DC457A /* Sources */,
				F79639C51E901ACA00DC457A /* Frameworks */,
				F79639C61E901ACA00DC457A /* Resources */,
			);
			buildRules = (
			);
			dependencies = (
			);
			name = GroceryListApp;
			productName = GroceryListApp;
			productReference = F79639C81E901ACA00DC457A /* GroceryListApp.app */;
			productType = "com.apple.product-type.application";
		};
/* End PBXNativeTarget section */

/* Begin PBXProject section */
		F79639C01E901ACA00DC457A /* Project object */ = {
			isa = PBXProject;
			attributes = {
				LastSwiftUpdateCheck = 0830;
				LastUpgradeCheck = 0830;
				ORGANIZATIONNAME = KeithATan;
				TargetAttributes = {
					F79639C71E901ACA00DC457A = {
						CreatedOnToolsVersion = 8.3;
						ProvisioningStyle = Automatic;
					};
				};
			};
			buildConfigurationList = F79639C31E901ACA00DC457A /* Build configuration list for PBXProject "GroceryListApp" */;
			compatibilityVersion = "Xcode 3.2";
			developmentRegion = English;
			hasScannedForEncodings = 0;
			knownRegions = (
				en,
				Base,
			);
			mainGroup = F79639BF1E901ACA00DC457A;
			productRefGroup = F79639C91E901ACA00DC457A /* Products */;
			projectDirPath = "";
			projectRoot = "";
			targets = (
				F79639C71E901ACA00DC457A /* GroceryListApp */,
			);
		};
/* End PBXProject section */

/* Begin PBXResourcesBuildPhase section */
		F79639C61E901ACA00DC457A /* Resources */ = {
			isa = PBXResourcesBuildPhase;
			buildActionMask = 2147483647;
			files = (
				F79639D61E901ACA00DC457A /* LaunchScreen.storyboard in Resources */,
				F79639D31E901ACA00DC457A /* Assets.xcassets in Resources */,
				F79639D11E901ACA00DC457A /* Main.storyboard in Resources */,
			);
			runOnlyForDeploymentPostprocessing = 0;
		};
/* End PBXResourcesBuildPhase section */

/* Begin PBXSourcesBuildPhase section */
		F79639C41E901ACA00DC457A /* Sources */ = {
			isa = PBXSourcesBuildPhase;
			buildActionMask = 2147483647;
			files = (
				F79639CE1E901ACA00DC457A /* ViewController.swift in Sources */,
				F79639CC1E901ACA00DC457A /* AppDelegate.swift in Sources */,
			);
			runOnlyForDeploymentPostprocessing = 0;
		};
/* End PBXSourcesBuildPhase section */

/* Begin PBXVariantGroup section */
		F79639CF1E901ACA00DC457A /* Main.storyboard */ = {
			isa = PBXVariantGroup;
			children = (
				F79639D01E901ACA00DC457A /* Base */,
			);
			name = Main.storyboard;
			sourceTree = "<group>";
		};
		F79639D41E901ACA00DC457A /* LaunchScreen.storyboard */ = {
			isa = PBXVariantGroup;
			children = (
				F79639D51E901ACA00DC457A /* Base */,
			);
			name = LaunchScreen.storyboard;
			sourceTree = "<group>";
		};
/* End PBXVariantGroup section */

/* Begin XCBuildConfiguration section */
		F79639D81E901ACA00DC457A /* Debug */ = {
			isa = XCBuildConfiguration;
			buildSettings = {
				ALWAYS_SEARCH_USER_PATHS = NO;
				CLANG_ANALYZER_NONNULL = YES;
				CLANG_ANALYZER_NUMBER_OBJECT_CONVERSION = YES_AGGRESSIVE;
				CLANG_CXX_LANGUAGE_STANDARD = "gnu++0x";
				CLANG_CXX_LIBRARY = "libc++";
				CLANG_ENABLE_MODULES = YES;
				CLANG_ENABLE_OBJC_ARC = YES;
				CLANG_WARN_BOOL_CONVERSION = YES;
				CLANG_WARN_CONSTANT_CONVERSION = YES;
				CLANG_WARN_DIRECT_OBJC_ISA_USAGE = YES_ERROR;
				CLANG_WARN_DOCUMENTATION_COMMENTS = YES;
				CLANG_WARN_EMPTY_BODY = YES;
				CLANG_WARN_ENUM_CONVERSION = YES;
				CLANG_WARN_INFINITE_RECURSION = YES;
				CLANG_WARN_INT_CONVERSION = YES;
				CLANG_WARN_OBJC_ROOT_CLASS = YES_ERROR;
				CLANG_WARN_SUSPICIOUS_MOVE = YES;
				CLANG_WARN_UNREACHABLE_CODE = YES;
				CLANG_WARN__DUPLICATE_METHOD_MATCH = YES;
				"CODE_SIGN_IDENTITY[sdk=iphoneos*]" = "iPhone Developer";
				COPY_PHASE_STRIP = NO;
				DEBUG_INFORMATION_FORMAT = dwarf;
				ENABLE_STRICT_OBJC_MSGSEND = YES;
				ENABLE_TESTABILITY = YES;
				GCC_C_LANGUAGE_STANDARD = gnu99;
				GCC_DYNAMIC_NO_PIC = NO;
				GCC_NO_COMMON_BLOCKS = YES;
				GCC_OPTIMIZATION_LEVEL = 0;
				GCC_PREPROCESSOR_DEFINITIONS = (
					"DEBUG=1",
					"$(inherited)",
				);
				GCC_WARN_64_TO_32_BIT_CONVERSION = YES;
				GCC_WARN_ABOUT_RETURN_TYPE = YES_ERROR;
				GCC_WARN_UNDECLARED_SELECTOR = YES;
				GCC_WARN_UNINITIALIZED_AUTOS = YES_AGGRESSIVE;
				GCC_WARN_UNUSED_FUNCTION = YES;
				GCC_WARN_UNUSED_VARIABLE = YES;
				IPHONEOS_DEPLOYMENT_TARGET = 10.3;
				MTL_ENABLE_DEBUG_INFO = YES;
				ONLY_ACTIVE_ARCH = YES;
				SDKROOT = iphoneos;
				SWIFT_ACTIVE_COMPILATION_CONDITIONS = DEBUG;
				SWIFT_OPTIMIZATION_LEVEL = "-Onone";
			};
			name = Debug;
		};
		F79639D91E901ACA00DC457A /* Release */ = {
			isa = XCBuildConfiguration;
			buildSettings = {
				ALWAYS_SEARCH_USER_PATHS = NO;
				CLANG_ANALYZER_NONNULL = YES;
				CLANG_ANALYZER_NUMBER_OBJECT_CONVERSION = YES_AGGRESSIVE;
				CLANG_CXX_LANGUAGE_STANDARD = "gnu++0x";
				CLANG_CXX_LIBRARY = "libc++";
				CLANG_ENABLE_MODULES = YES;
				CLANG_ENABLE_OBJC_ARC = YES;
				CLANG_WARN_BOOL_CONVERSION = YES;
				CLANG_WARN_CONSTANT_CONVERSION = YES;
				CLANG_WARN_DIRECT_OBJC_ISA_USAGE = YES_ERROR;
				CLANG_WARN_DOCUMENTATION_COMMENTS = YES;
				CLANG_WARN_EMPTY_BODY = YES;
				CLANG_WARN_ENUM_CONVERSION = YES;
				CLANG_WARN_INFINITE_RECURSION = YES;
				CLANG_WARN_INT_CONVERSION = YES;
				CLANG_WARN_OBJC_ROOT_CLASS = YES_ERROR;
				CLANG_WARN_SUSPICIOUS_MOVE = YES;
				CLANG_WARN_UNREACHABLE_CODE = YES;
				CLANG_WARN__DUPLICATE_METHOD_MATCH = YES;
				"CODE_SIGN_IDENTITY[sdk=iphoneos*]" = "iPhone Developer";
				COPY_PHASE_STRIP = NO;
				DEBUG_INFORMATION_FORMAT = "dwarf-with-dsym";
				ENABLE_NS_ASSERTIONS = NO;
				ENABLE_STRICT_OBJC_MSGSEND = YES;
				GCC_C_LANGUAGE_STANDARD = gnu99;
				GCC_NO_COMMON_BLOCKS = YES;
				GCC_WARN_64_TO_32_BIT_CONVERSION = YES;
				GCC_WARN_ABOUT_RETURN_TYPE = YES_ERROR;
				GCC_WARN_UNDECLARED_SELECTOR = YES;
				GCC_WARN_UNINITIALIZED_AUTOS = YES_AGGRESSIVE;
				GCC_WARN_UNUSED_FUNCTION = YES;
				GCC_WARN_UNUSED_VARIABLE = YES;
				IPHONEOS_DEPLOYMENT_TARGET = 10.3;
				MTL_ENABLE_DEBUG_INFO = NO;
				SDKROOT = iphoneos;
				SWIFT_OPTIMIZATION_LEVEL = "-Owholemodule";
				VALIDATE_PRODUCT = YES;
			};
			name = Release;
		};
		F79639DB1E901ACA00DC457A /* Debug */ = {
			isa = XCBuildConfiguration;
			buildSettings = {
				ASSETCATALOG_COMPILER_APPICON_NAME = AppIcon;
				INFOPLIST_FILE = GroceryListApp/Info.plist;
				LD_RUNPATH_SEARCH_PATHS = "$(inherited) @executable_path/Frameworks";
				PRODUCT_BUNDLE_IDENTIFIER = keithatan.GroceryListApp;
				PRODUCT_NAME = "$(TARGET_NAME)";
				SWIFT_VERSION = 3.0;
			};
			name = Debug;
		};
		F79639DC1E901ACA00DC457A /* Release */ = {
			isa = XCBuildConfiguration;
			buildSettings = {
				ASSETCATALOG_COMPILER_APPICON_NAME = AppIcon;
				INFOPLIST_FILE = GroceryListApp/Info.plist;
				LD_RUNPATH_SEARCH_PATHS = "$(inherited) @executable_path/Frameworks";
				PRODUCT_BUNDLE_IDENTIFIER = keithatan.GroceryListApp;
				PRODUCT_NAME = "$(TARGET_NAME)";
				SWIFT_VERSION = 3.0;
			};
			name = Release;
		};
/* End XCBuildConfiguration section */

/* Begin XCConfigurationList section */
		F79639C31E901ACA00DC457A /* Build configuration list for PBXProject "GroceryListApp" */ = {
			isa = XCConfigurationList;
			buildConfigurations = (
				F79639D81E901ACA00DC457A /* Debug */,
				F79639D91E901ACA00DC457A /* Release */,
			);
			defaultConfigurationIsVisible = 0;
			defaultConfigurationName = Release;
		};
		F79639DA1E901ACA00DC457A /* Build configuration list for PBXNativeTarget "GroceryListApp" */ = {
			isa = XCConfigurationList;
			buildConfigurations = (
				F79639DB1E901ACA00DC457A /* Debug */,
				F79639DC1E901ACA00DC457A /* Release */,
			);
			defaultConfigurationIsVisible = 0;
		};
/* End XCConfigurationList section */
	};
	rootObject = F79639C01E901ACA00DC457A /* Project object */;
}
